// !$*UTF8*$!
{
	archiveVersion = 1;
	classes = {
	};
	objectVersion = 46;
	objects = {

/* Begin PBXBuildFile section */
		3F05327C1B1D2299008210D8 /* GameInProgress.storyboard in Resources */ = {isa = PBXBuildFile; fileRef = 3F05327B1B1D2299008210D8 /* GameInProgress.storyboard */; };
		3F05327F1B1D2571008210D8 /* StoryboardSegue.m in Sources */ = {isa = PBXBuildFile; fileRef = 3F05327E1B1D2571008210D8 /* StoryboardSegue.m */; };
		3F0532821B1D2A33008210D8 /* GamestateViewController.m in Sources */ = {isa = PBXBuildFile; fileRef = 3F0532811B1D2A33008210D8 /* GamestateViewController.m */; };
		3F0532851B1D2B1D008210D8 /* TargetViewController.m in Sources */ = {isa = PBXBuildFile; fileRef = 3F0532841B1D2B1D008210D8 /* TargetViewController.m */; };
		3F92F0331B1D660B005CD2F2 /* NewGameViewController.m in Sources */ = {isa = PBXBuildFile; fileRef = 3F92F0321B1D660B005CD2F2 /* NewGameViewController.m */; };
		3F92F0361B1D7774005CD2F2 /* HopperViewController.m in Sources */ = {isa = PBXBuildFile; fileRef = 3F92F0351B1D7774005CD2F2 /* HopperViewController.m */; };
		3F9AA2411B1E3DA3009F792E /* JoinGameViewController.m in Sources */ = {isa = PBXBuildFile; fileRef = 3F9AA2401B1E3DA3009F792E /* JoinGameViewController.m */; };
		3F9AA2441B1E5201009F792E /* JoinGameInfoViewController.m in Sources */ = {isa = PBXBuildFile; fileRef = 3F9AA2431B1E5201009F792E /* JoinGameInfoViewController.m */; };
		3F9AA2471B1E8585009F792E /* GameStateDetailViewController.m in Sources */ = {isa = PBXBuildFile; fileRef = 3F9AA2461B1E8585009F792E /* GameStateDetailViewController.m */; };
		3FADB3F51B1C1CF9008195E5 /* main.m in Sources */ = {isa = PBXBuildFile; fileRef = 3FADB3F41B1C1CF9008195E5 /* main.m */; };
		3FADB3F81B1C1CF9008195E5 /* AppDelegate.m in Sources */ = {isa = PBXBuildFile; fileRef = 3FADB3F71B1C1CF9008195E5 /* AppDelegate.m */; };
		3FADB3FE1B1C1CF9008195E5 /* Main.storyboard in Resources */ = {isa = PBXBuildFile; fileRef = 3FADB3FC1B1C1CF9008195E5 /* Main.storyboard */; };
		3FADB4001B1C1CF9008195E5 /* Images.xcassets in Resources */ = {isa = PBXBuildFile; fileRef = 3FADB3FF1B1C1CF9008195E5 /* Images.xcassets */; };
		3FADB4031B1C1CF9008195E5 /* LaunchScreen.xib in Resources */ = {isa = PBXBuildFile; fileRef = 3FADB4011B1C1CF9008195E5 /* LaunchScreen.xib */; };
		3FADB40F1B1C1CF9008195E5 /* AssassinTests.m in Sources */ = {isa = PBXBuildFile; fileRef = 3FADB40E1B1C1CF9008195E5 /* AssassinTests.m */; };
		3FADB41A1B1C1D44008195E5 /* Bolts.framework in Frameworks */ = {isa = PBXBuildFile; fileRef = 3FADB4181B1C1D44008195E5 /* Bolts.framework */; };
		3FADB41B1B1C1D44008195E5 /* Parse.framework in Frameworks */ = {isa = PBXBuildFile; fileRef = 3FADB4191B1C1D44008195E5 /* Parse.framework */; };
		3FADB41D1B1C1D9B008195E5 /* AudioToolbox.framework in Frameworks */ = {isa = PBXBuildFile; fileRef = 3FADB41C1B1C1D9B008195E5 /* AudioToolbox.framework */; };
		3FADB41F1B1C1DA1008195E5 /* CFNetwork.framework in Frameworks */ = {isa = PBXBuildFile; fileRef = 3FADB41E1B1C1DA1008195E5 /* CFNetwork.framework */; };
		3FADB4211B1C1DAF008195E5 /* CoreGraphics.framework in Frameworks */ = {isa = PBXBuildFile; fileRef = 3FADB4201B1C1DAF008195E5 /* CoreGraphics.framework */; };
		3FADB4231B1C1DB7008195E5 /* CoreLocation.framework in Frameworks */ = {isa = PBXBuildFile; fileRef = 3FADB4221B1C1DB7008195E5 /* CoreLocation.framework */; };
		3FADB4251B1C1DC0008195E5 /* MobileCoreServices.framework in Frameworks */ = {isa = PBXBuildFile; fileRef = 3FADB4241B1C1DC0008195E5 /* MobileCoreServices.framework */; };
		3FADB4271B1C1DCE008195E5 /* QuartzCore.framework in Frameworks */ = {isa = PBXBuildFile; fileRef = 3FADB4261B1C1DCE008195E5 /* QuartzCore.framework */; };
		3FADB4291B1C1DE0008195E5 /* Security.framework in Frameworks */ = {isa = PBXBuildFile; fileRef = 3FADB4281B1C1DE0008195E5 /* Security.framework */; };
		3FADB42B1B1C1DEA008195E5 /* StoreKit.framework in Frameworks */ = {isa = PBXBuildFile; fileRef = 3FADB42A1B1C1DEA008195E5 /* StoreKit.framework */; };
		3FADB42D1B1C1E0E008195E5 /* SystemConfiguration.framework in Frameworks */ = {isa = PBXBuildFile; fileRef = 3FADB42C1B1C1E0E008195E5 /* SystemConfiguration.framework */; };
		3FADB42F1B1C1E32008195E5 /* libz.dylib in Frameworks */ = {isa = PBXBuildFile; fileRef = 3FADB42E1B1C1E32008195E5 /* libz.dylib */; };
		3FADB4311B1C1E40008195E5 /* libsqlite3.dylib in Frameworks */ = {isa = PBXBuildFile; fileRef = 3FADB4301B1C1E40008195E5 /* libsqlite3.dylib */; };
		3FADB4381B1C1EF4008195E5 /* TestViewController.m in Sources */ = {isa = PBXBuildFile; fileRef = 3FADB4341B1C1EF4008195E5 /* TestViewController.m */; };
		3FADB4391B1C1EF4008195E5 /* Game.m in Sources */ = {isa = PBXBuildFile; fileRef = 3FADB4351B1C1EF4008195E5 /* Game.m */; };
		3FADB43A1B1C1EF4008195E5 /* Player.m in Sources */ = {isa = PBXBuildFile; fileRef = 3FADB4371B1C1EF4008195E5 /* Player.m */; };
		3FF0D5831B1D01F900E92D9E /* StartScreenVIewController.m in Sources */ = {isa = PBXBuildFile; fileRef = 3FF0D5821B1D01F900E92D9E /* StartScreenVIewController.m */; };
		C86339D51B1E40CE00C5CB4C /* PlayerCollectionViewCell.m in Sources */ = {isa = PBXBuildFile; fileRef = C86339D41B1E40CE00C5CB4C /* PlayerCollectionViewCell.m */; };
		C8D4B3B41B20D0D600944BB7 /* UserViewController.m in Sources */ = {isa = PBXBuildFile; fileRef = C8D4B3B31B20D0D600944BB7 /* UserViewController.m */; };
		C8D4B3B71B20FD9200944BB7 /* SwitchGameTableViewController.m in Sources */ = {isa = PBXBuildFile; fileRef = C8D4B3B61B20FD9200944BB7 /* SwitchGameTableViewController.m */; };
		C8E49BC91B1FC3BD002B5B10 /* LoginViewController.m in Sources */ = {isa = PBXBuildFile; fileRef = C8E49BC81B1FC3BD002B5B10 /* LoginViewController.m */; };
/* End PBXBuildFile section */

/* Begin PBXContainerItemProxy section */
		3FADB4091B1C1CF9008195E5 /* PBXContainerItemProxy */ = {
			isa = PBXContainerItemProxy;
			containerPortal = 3FADB3E71B1C1CF9008195E5 /* Project object */;
			proxyType = 1;
			remoteGlobalIDString = 3FADB3EE1B1C1CF9008195E5;
			remoteInfo = Assassin;
		};
/* End PBXContainerItemProxy section */

/* Begin PBXFileReference section */
		3F05327B1B1D2299008210D8 /* GameInProgress.storyboard */ = {isa = PBXFileReference; fileEncoding = 4; lastKnownFileType = file.storyboard; path = GameInProgress.storyboard; sourceTree = "<group>"; };
		3F05327D1B1D2571008210D8 /* StoryboardSegue.h */ = {isa = PBXFileReference; fileEncoding = 4; lastKnownFileType = sourcecode.c.h; path = StoryboardSegue.h; sourceTree = "<group>"; };
		3F05327E1B1D2571008210D8 /* StoryboardSegue.m */ = {isa = PBXFileReference; fileEncoding = 4; lastKnownFileType = sourcecode.c.objc; path = StoryboardSegue.m; sourceTree = "<group>"; };
		3F0532801B1D2A33008210D8 /* GamestateViewController.h */ = {isa = PBXFileReference; fileEncoding = 4; lastKnownFileType = sourcecode.c.h; path = GamestateViewController.h; sourceTree = "<group>"; };
		3F0532811B1D2A33008210D8 /* GamestateViewController.m */ = {isa = PBXFileReference; fileEncoding = 4; lastKnownFileType = sourcecode.c.objc; path = GamestateViewController.m; sourceTree = "<group>"; };
		3F0532831B1D2B1D008210D8 /* TargetViewController.h */ = {isa = PBXFileReference; fileEncoding = 4; lastKnownFileType = sourcecode.c.h; path = TargetViewController.h; sourceTree = "<group>"; };
		3F0532841B1D2B1D008210D8 /* TargetViewController.m */ = {isa = PBXFileReference; fileEncoding = 4; lastKnownFileType = sourcecode.c.objc; path = TargetViewController.m; sourceTree = "<group>"; };
		3F92F0311B1D660B005CD2F2 /* NewGameViewController.h */ = {isa = PBXFileReference; fileEncoding = 4; lastKnownFileType = sourcecode.c.h; path = NewGameViewController.h; sourceTree = "<group>"; };
		3F92F0321B1D660B005CD2F2 /* NewGameViewController.m */ = {isa = PBXFileReference; fileEncoding = 4; lastKnownFileType = sourcecode.c.objc; path = NewGameViewController.m; sourceTree = "<group>"; };
		3F92F0341B1D7774005CD2F2 /* HopperViewController.h */ = {isa = PBXFileReference; fileEncoding = 4; lastKnownFileType = sourcecode.c.h; path = HopperViewController.h; sourceTree = "<group>"; };
		3F92F0351B1D7774005CD2F2 /* HopperViewController.m */ = {isa = PBXFileReference; fileEncoding = 4; lastKnownFileType = sourcecode.c.objc; path = HopperViewController.m; sourceTree = "<group>"; };
		3F9AA23F1B1E3DA3009F792E /* JoinGameViewController.h */ = {isa = PBXFileReference; fileEncoding = 4; lastKnownFileType = sourcecode.c.h; path = JoinGameViewController.h; sourceTree = "<group>"; };
		3F9AA2401B1E3DA3009F792E /* JoinGameViewController.m */ = {isa = PBXFileReference; fileEncoding = 4; lastKnownFileType = sourcecode.c.objc; path = JoinGameViewController.m; sourceTree = "<group>"; };
		3F9AA2421B1E5201009F792E /* JoinGameInfoViewController.h */ = {isa = PBXFileReference; fileEncoding = 4; lastKnownFileType = sourcecode.c.h; path = JoinGameInfoViewController.h; sourceTree = "<group>"; };
		3F9AA2431B1E5201009F792E /* JoinGameInfoViewController.m */ = {isa = PBXFileReference; fileEncoding = 4; lastKnownFileType = sourcecode.c.objc; path = JoinGameInfoViewController.m; sourceTree = "<group>"; };
		3F9AA2451B1E8585009F792E /* GameStateDetailViewController.h */ = {isa = PBXFileReference; fileEncoding = 4; lastKnownFileType = sourcecode.c.h; path = GameStateDetailViewController.h; sourceTree = "<group>"; };
		3F9AA2461B1E8585009F792E /* GameStateDetailViewController.m */ = {isa = PBXFileReference; fileEncoding = 4; lastKnownFileType = sourcecode.c.objc; path = GameStateDetailViewController.m; sourceTree = "<group>"; };
		3FADB3EF1B1C1CF9008195E5 /* Assassin.app */ = {isa = PBXFileReference; explicitFileType = wrapper.application; includeInIndex = 0; path = Assassin.app; sourceTree = BUILT_PRODUCTS_DIR; };
		3FADB3F31B1C1CF9008195E5 /* Info.plist */ = {isa = PBXFileReference; lastKnownFileType = text.plist.xml; path = Info.plist; sourceTree = "<group>"; };
		3FADB3F41B1C1CF9008195E5 /* main.m */ = {isa = PBXFileReference; lastKnownFileType = sourcecode.c.objc; path = main.m; sourceTree = "<group>"; };
		3FADB3F61B1C1CF9008195E5 /* AppDelegate.h */ = {isa = PBXFileReference; lastKnownFileType = sourcecode.c.h; path = AppDelegate.h; sourceTree = "<group>"; };
		3FADB3F71B1C1CF9008195E5 /* AppDelegate.m */ = {isa = PBXFileReference; lastKnownFileType = sourcecode.c.objc; path = AppDelegate.m; sourceTree = "<group>"; };
		3FADB3FD1B1C1CF9008195E5 /* Base */ = {isa = PBXFileReference; lastKnownFileType = file.storyboard; name = Base; path = Base.lproj/Main.storyboard; sourceTree = "<group>"; };
		3FADB3FF1B1C1CF9008195E5 /* Images.xcassets */ = {isa = PBXFileReference; lastKnownFileType = folder.assetcatalog; path = Images.xcassets; sourceTree = "<group>"; };
		3FADB4021B1C1CF9008195E5 /* Base */ = {isa = PBXFileReference; lastKnownFileType = file.xib; name = Base; path = Base.lproj/LaunchScreen.xib; sourceTree = "<group>"; };
		3FADB4081B1C1CF9008195E5 /* AssassinTests.xctest */ = {isa = PBXFileReference; explicitFileType = wrapper.cfbundle; includeInIndex = 0; path = AssassinTests.xctest; sourceTree = BUILT_PRODUCTS_DIR; };
		3FADB40D1B1C1CF9008195E5 /* Info.plist */ = {isa = PBXFileReference; lastKnownFileType = text.plist.xml; path = Info.plist; sourceTree = "<group>"; };
		3FADB40E1B1C1CF9008195E5 /* AssassinTests.m */ = {isa = PBXFileReference; lastKnownFileType = sourcecode.c.objc; path = AssassinTests.m; sourceTree = "<group>"; };
		3FADB4181B1C1D44008195E5 /* Bolts.framework */ = {isa = PBXFileReference; lastKnownFileType = wrapper.framework; path = Bolts.framework; sourceTree = "<group>"; };
		3FADB4191B1C1D44008195E5 /* Parse.framework */ = {isa = PBXFileReference; lastKnownFileType = wrapper.framework; path = Parse.framework; sourceTree = "<group>"; };
		3FADB41C1B1C1D9B008195E5 /* AudioToolbox.framework */ = {isa = PBXFileReference; lastKnownFileType = wrapper.framework; name = AudioToolbox.framework; path = System/Library/Frameworks/AudioToolbox.framework; sourceTree = SDKROOT; };
		3FADB41E1B1C1DA1008195E5 /* CFNetwork.framework */ = {isa = PBXFileReference; lastKnownFileType = wrapper.framework; name = CFNetwork.framework; path = System/Library/Frameworks/CFNetwork.framework; sourceTree = SDKROOT; };
		3FADB4201B1C1DAF008195E5 /* CoreGraphics.framework */ = {isa = PBXFileReference; lastKnownFileType = wrapper.framework; name = CoreGraphics.framework; path = System/Library/Frameworks/CoreGraphics.framework; sourceTree = SDKROOT; };
		3FADB4221B1C1DB7008195E5 /* CoreLocation.framework */ = {isa = PBXFileReference; lastKnownFileType = wrapper.framework; name = CoreLocation.framework; path = System/Library/Frameworks/CoreLocation.framework; sourceTree = SDKROOT; };
		3FADB4241B1C1DC0008195E5 /* MobileCoreServices.framework */ = {isa = PBXFileReference; lastKnownFileType = wrapper.framework; name = MobileCoreServices.framework; path = System/Library/Frameworks/MobileCoreServices.framework; sourceTree = SDKROOT; };
		3FADB4261B1C1DCE008195E5 /* QuartzCore.framework */ = {isa = PBXFileReference; lastKnownFileType = wrapper.framework; name = QuartzCore.framework; path = System/Library/Frameworks/QuartzCore.framework; sourceTree = SDKROOT; };
		3FADB4281B1C1DE0008195E5 /* Security.framework */ = {isa = PBXFileReference; lastKnownFileType = wrapper.framework; name = Security.framework; path = System/Library/Frameworks/Security.framework; sourceTree = SDKROOT; };
		3FADB42A1B1C1DEA008195E5 /* StoreKit.framework */ = {isa = PBXFileReference; lastKnownFileType = wrapper.framework; name = StoreKit.framework; path = System/Library/Frameworks/StoreKit.framework; sourceTree = SDKROOT; };
		3FADB42C1B1C1E0E008195E5 /* SystemConfiguration.framework */ = {isa = PBXFileReference; lastKnownFileType = wrapper.framework; name = SystemConfiguration.framework; path = System/Library/Frameworks/SystemConfiguration.framework; sourceTree = SDKROOT; };
		3FADB42E1B1C1E32008195E5 /* libz.dylib */ = {isa = PBXFileReference; lastKnownFileType = "compiled.mach-o.dylib"; name = libz.dylib; path = usr/lib/libz.dylib; sourceTree = SDKROOT; };
		3FADB4301B1C1E40008195E5 /* libsqlite3.dylib */ = {isa = PBXFileReference; lastKnownFileType = "compiled.mach-o.dylib"; name = libsqlite3.dylib; path = usr/lib/libsqlite3.dylib; sourceTree = SDKROOT; };
		3FADB4321B1C1EF4008195E5 /* Game.h */ = {isa = PBXFileReference; fileEncoding = 4; lastKnownFileType = sourcecode.c.h; path = Game.h; sourceTree = "<group>"; };
		3FADB4331B1C1EF4008195E5 /* TestViewController.h */ = {isa = PBXFileReference; fileEncoding = 4; lastKnownFileType = sourcecode.c.h; path = TestViewController.h; sourceTree = "<group>"; };
		3FADB4341B1C1EF4008195E5 /* TestViewController.m */ = {isa = PBXFileReference; fileEncoding = 4; lastKnownFileType = sourcecode.c.objc; path = TestViewController.m; sourceTree = "<group>"; };
		3FADB4351B1C1EF4008195E5 /* Game.m */ = {isa = PBXFileReference; fileEncoding = 4; lastKnownFileType = sourcecode.c.objc; path = Game.m; sourceTree = "<group>"; };
		3FADB4361B1C1EF4008195E5 /* Player.h */ = {isa = PBXFileReference; fileEncoding = 4; lastKnownFileType = sourcecode.c.h; path = Player.h; sourceTree = "<group>"; };
		3FADB4371B1C1EF4008195E5 /* Player.m */ = {isa = PBXFileReference; fileEncoding = 4; lastKnownFileType = sourcecode.c.objc; path = Player.m; sourceTree = "<group>"; };
		3FF0D5811B1D01F900E92D9E /* StartScreenVIewController.h */ = {isa = PBXFileReference; fileEncoding = 4; lastKnownFileType = sourcecode.c.h; path = StartScreenVIewController.h; sourceTree = "<group>"; };
		3FF0D5821B1D01F900E92D9E /* StartScreenVIewController.m */ = {isa = PBXFileReference; fileEncoding = 4; lastKnownFileType = sourcecode.c.objc; path = StartScreenVIewController.m; sourceTree = "<group>"; };
		C86339D31B1E40CE00C5CB4C /* PlayerCollectionViewCell.h */ = {isa = PBXFileReference; fileEncoding = 4; lastKnownFileType = sourcecode.c.h; path = PlayerCollectionViewCell.h; sourceTree = "<group>"; };
		C86339D41B1E40CE00C5CB4C /* PlayerCollectionViewCell.m */ = {isa = PBXFileReference; fileEncoding = 4; lastKnownFileType = sourcecode.c.objc; path = PlayerCollectionViewCell.m; sourceTree = "<group>"; };
		C8D4B3B21B20D0D600944BB7 /* UserViewController.h */ = {isa = PBXFileReference; fileEncoding = 4; lastKnownFileType = sourcecode.c.h; path = UserViewController.h; sourceTree = "<group>"; };
		C8D4B3B31B20D0D600944BB7 /* UserViewController.m */ = {isa = PBXFileReference; fileEncoding = 4; lastKnownFileType = sourcecode.c.objc; path = UserViewController.m; sourceTree = "<group>"; };
		C8D4B3B51B20FD9200944BB7 /* SwitchGameTableViewController.h */ = {isa = PBXFileReference; fileEncoding = 4; lastKnownFileType = sourcecode.c.h; path = SwitchGameTableViewController.h; sourceTree = "<group>"; };
		C8D4B3B61B20FD9200944BB7 /* SwitchGameTableViewController.m */ = {isa = PBXFileReference; fileEncoding = 4; lastKnownFileType = sourcecode.c.objc; path = SwitchGameTableViewController.m; sourceTree = "<group>"; };
		C8E49BC71B1FC3BD002B5B10 /* LoginViewController.h */ = {isa = PBXFileReference; fileEncoding = 4; lastKnownFileType = sourcecode.c.h; path = LoginViewController.h; sourceTree = "<group>"; };
		C8E49BC81B1FC3BD002B5B10 /* LoginViewController.m */ = {isa = PBXFileReference; fileEncoding = 4; lastKnownFileType = sourcecode.c.objc; path = LoginViewController.m; sourceTree = "<group>"; };
/* End PBXFileReference section */

/* Begin PBXFrameworksBuildPhase section */
		3FADB3EC1B1C1CF9008195E5 /* Frameworks */ = {
			isa = PBXFrameworksBuildPhase;
			buildActionMask = 2147483647;
			files = (
				3FADB4311B1C1E40008195E5 /* libsqlite3.dylib in Frameworks */,
				3FADB42F1B1C1E32008195E5 /* libz.dylib in Frameworks */,
				3FADB42D1B1C1E0E008195E5 /* SystemConfiguration.framework in Frameworks */,
				3FADB42B1B1C1DEA008195E5 /* StoreKit.framework in Frameworks */,
				3FADB4291B1C1DE0008195E5 /* Security.framework in Frameworks */,
				3FADB4271B1C1DCE008195E5 /* QuartzCore.framework in Frameworks */,
				3FADB4251B1C1DC0008195E5 /* MobileCoreServices.framework in Frameworks */,
				3FADB4231B1C1DB7008195E5 /* CoreLocation.framework in Frameworks */,
				3FADB4211B1C1DAF008195E5 /* CoreGraphics.framework in Frameworks */,
				3FADB41F1B1C1DA1008195E5 /* CFNetwork.framework in Frameworks */,
				3FADB41D1B1C1D9B008195E5 /* AudioToolbox.framework in Frameworks */,
				3FADB41B1B1C1D44008195E5 /* Parse.framework in Frameworks */,
				3FADB41A1B1C1D44008195E5 /* Bolts.framework in Frameworks */,
			);
			runOnlyForDeploymentPostprocessing = 0;
		};
		3FADB4051B1C1CF9008195E5 /* Frameworks */ = {
			isa = PBXFrameworksBuildPhase;
			buildActionMask = 2147483647;
			files = (
			);
			runOnlyForDeploymentPostprocessing = 0;
		};
/* End PBXFrameworksBuildPhase section */

/* Begin PBXGroup section */
		3F92F0301B1D6263005CD2F2 /* View Controllers */ = {
			isa = PBXGroup;
			children = (
				3F92F0311B1D660B005CD2F2 /* NewGameViewController.h */,
				3F92F0321B1D660B005CD2F2 /* NewGameViewController.m */,
				3F9AA2421B1E5201009F792E /* JoinGameInfoViewController.h */,
				3F9AA2431B1E5201009F792E /* JoinGameInfoViewController.m */,
				3F0532831B1D2B1D008210D8 /* TargetViewController.h */,
				3F0532841B1D2B1D008210D8 /* TargetViewController.m */,
				3FF0D5811B1D01F900E92D9E /* StartScreenVIewController.h */,
				3FF0D5821B1D01F900E92D9E /* StartScreenVIewController.m */,
				3F0532801B1D2A33008210D8 /* GamestateViewController.h */,
				3F0532811B1D2A33008210D8 /* GamestateViewController.m */,
				3F9AA2451B1E8585009F792E /* GameStateDetailViewController.h */,
				3F9AA2461B1E8585009F792E /* GameStateDetailViewController.m */,
				3F9AA23F1B1E3DA3009F792E /* JoinGameViewController.h */,
				3F9AA2401B1E3DA3009F792E /* JoinGameViewController.m */,
				C86339D31B1E40CE00C5CB4C /* PlayerCollectionViewCell.h */,
				C86339D41B1E40CE00C5CB4C /* PlayerCollectionViewCell.m */,
				3F92F0341B1D7774005CD2F2 /* HopperViewController.h */,
				3F92F0351B1D7774005CD2F2 /* HopperViewController.m */,
				C8E49BC71B1FC3BD002B5B10 /* LoginViewController.h */,
				C8E49BC81B1FC3BD002B5B10 /* LoginViewController.m */,
				C8D4B3B21B20D0D600944BB7 /* UserViewController.h */,
				C8D4B3B31B20D0D600944BB7 /* UserViewController.m */,
				C8D4B3B51B20FD9200944BB7 /* SwitchGameTableViewController.h */,
				C8D4B3B61B20FD9200944BB7 /* SwitchGameTableViewController.m */,
			);
			name = "View Controllers";
			sourceTree = "<group>";
		};
		3FADB3E61B1C1CF9008195E5 = {
			isa = PBXGroup;
			children = (
				3FADB3F11B1C1CF9008195E5 /* Assassin */,
				3FADB40B1B1C1CF9008195E5 /* AssassinTests */,
				3FADB3F01B1C1CF9008195E5 /* Products */,
				3FADB43B1B1C1F2A008195E5 /* Frameworks */,
			);
			sourceTree = "<group>";
		};
		3FADB3F01B1C1CF9008195E5 /* Products */ = {
			isa = PBXGroup;
			children = (
				3FADB3EF1B1C1CF9008195E5 /* Assassin.app */,
				3FADB4081B1C1CF9008195E5 /* AssassinTests.xctest */,
			);
			name = Products;
			sourceTree = "<group>";
		};
		3FADB3F11B1C1CF9008195E5 /* Assassin */ = {
			isa = PBXGroup;
			children = (
				3FF0D5801B1CCEBF00E92D9E /* Model Objects */,
				3FADB4331B1C1EF4008195E5 /* TestViewController.h */,
				3FADB4341B1C1EF4008195E5 /* TestViewController.m */,
				3FADB3F61B1C1CF9008195E5 /* AppDelegate.h */,
				3FADB3F71B1C1CF9008195E5 /* AppDelegate.m */,
				3F92F0301B1D6263005CD2F2 /* View Controllers */,
				3F05327D1B1D2571008210D8 /* StoryboardSegue.h */,
				3F05327E1B1D2571008210D8 /* StoryboardSegue.m */,
				3FADB3FF1B1C1CF9008195E5 /* Images.xcassets */,
				3FADB3FC1B1C1CF9008195E5 /* Main.storyboard */,
				3F05327B1B1D2299008210D8 /* GameInProgress.storyboard */,
				3FADB4011B1C1CF9008195E5 /* LaunchScreen.xib */,
				3FADB3F21B1C1CF9008195E5 /* Supporting Files */,
			);
			path = Assassin;
			sourceTree = "<group>";
		};
		3FADB3F21B1C1CF9008195E5 /* Supporting Files */ = {
			isa = PBXGroup;
			children = (
				3FADB3F31B1C1CF9008195E5 /* Info.plist */,
				3FADB3F41B1C1CF9008195E5 /* main.m */,
			);
			name = "Supporting Files";
			sourceTree = "<group>";
		};
		3FADB40B1B1C1CF9008195E5 /* AssassinTests */ = {
			isa = PBXGroup;
			children = (
				3FADB40E1B1C1CF9008195E5 /* AssassinTests.m */,
				3FADB40C1B1C1CF9008195E5 /* Supporting Files */,
			);
			path = AssassinTests;
			sourceTree = "<group>";
		};
		3FADB40C1B1C1CF9008195E5 /* Supporting Files */ = {
			isa = PBXGroup;
			children = (
				3FADB40D1B1C1CF9008195E5 /* Info.plist */,
			);
			name = "Supporting Files";
			sourceTree = "<group>";
		};
		3FADB43B1B1C1F2A008195E5 /* Frameworks */ = {
			isa = PBXGroup;
			children = (
				3FADB4301B1C1E40008195E5 /* libsqlite3.dylib */,
				3FADB42E1B1C1E32008195E5 /* libz.dylib */,
				3FADB42C1B1C1E0E008195E5 /* SystemConfiguration.framework */,
				3FADB42A1B1C1DEA008195E5 /* StoreKit.framework */,
				3FADB4281B1C1DE0008195E5 /* Security.framework */,
				3FADB4261B1C1DCE008195E5 /* QuartzCore.framework */,
				3FADB4241B1C1DC0008195E5 /* MobileCoreServices.framework */,
				3FADB4221B1C1DB7008195E5 /* CoreLocation.framework */,
				3FADB4201B1C1DAF008195E5 /* CoreGraphics.framework */,
				3FADB41E1B1C1DA1008195E5 /* CFNetwork.framework */,
				3FADB41C1B1C1D9B008195E5 /* AudioToolbox.framework */,
				3FADB4181B1C1D44008195E5 /* Bolts.framework */,
				3FADB4191B1C1D44008195E5 /* Parse.framework */,
			);
			name = Frameworks;
			sourceTree = "<group>";
		};
		3FF0D5801B1CCEBF00E92D9E /* Model Objects */ = {
			isa = PBXGroup;
			children = (
				3FADB4321B1C1EF4008195E5 /* Game.h */,
				3FADB4351B1C1EF4008195E5 /* Game.m */,
				3FADB4361B1C1EF4008195E5 /* Player.h */,
				3FADB4371B1C1EF4008195E5 /* Player.m */,
			);
			name = "Model Objects";
			sourceTree = "<group>";
		};
/* End PBXGroup section */

/* Begin PBXNativeTarget section */
		3FADB3EE1B1C1CF9008195E5 /* Assassin */ = {
			isa = PBXNativeTarget;
			buildConfigurationList = 3FADB4121B1C1CF9008195E5 /* Build configuration list for PBXNativeTarget "Assassin" */;
			buildPhases = (
				3FADB3EB1B1C1CF9008195E5 /* Sources */,
				3FADB3EC1B1C1CF9008195E5 /* Frameworks */,
				3FADB3ED1B1C1CF9008195E5 /* Resources */,
			);
			buildRules = (
			);
			dependencies = (
			);
			name = Assassin;
			productName = Assassin;
			productReference = 3FADB3EF1B1C1CF9008195E5 /* Assassin.app */;
			productType = "com.apple.product-type.application";
		};
		3FADB4071B1C1CF9008195E5 /* AssassinTests */ = {
			isa = PBXNativeTarget;
			buildConfigurationList = 3FADB4151B1C1CF9008195E5 /* Build configuration list for PBXNativeTarget "AssassinTests" */;
			buildPhases = (
				3FADB4041B1C1CF9008195E5 /* Sources */,
				3FADB4051B1C1CF9008195E5 /* Frameworks */,
				3FADB4061B1C1CF9008195E5 /* Resources */,
			);
			buildRules = (
			);
			dependencies = (
				3FADB40A1B1C1CF9008195E5 /* PBXTargetDependency */,
			);
			name = AssassinTests;
			productName = AssassinTests;
			productReference = 3FADB4081B1C1CF9008195E5 /* AssassinTests.xctest */;
			productType = "com.apple.product-type.bundle.unit-test";
		};
/* End PBXNativeTarget section */

/* Begin PBXProject section */
		3FADB3E71B1C1CF9008195E5 /* Project object */ = {
			isa = PBXProject;
			attributes = {
				LastUpgradeCheck = 0630;
				ORGANIZATIONNAME = "Jeremy Petter";
				TargetAttributes = {
					3FADB3EE1B1C1CF9008195E5 = {
						CreatedOnToolsVersion = 6.3.2;
					};
					3FADB4071B1C1CF9008195E5 = {
						CreatedOnToolsVersion = 6.3.2;
						TestTargetID = 3FADB3EE1B1C1CF9008195E5;
					};
				};
			};
			buildConfigurationList = 3FADB3EA1B1C1CF9008195E5 /* Build configuration list for PBXProject "Assassin" */;
			compatibilityVersion = "Xcode 3.2";
			developmentRegion = English;
			hasScannedForEncodings = 0;
			knownRegions = (
				en,
				Base,
			);
			mainGroup = 3FADB3E61B1C1CF9008195E5;
			productRefGroup = 3FADB3F01B1C1CF9008195E5 /* Products */;
			projectDirPath = "";
			projectRoot = "";
			targets = (
				3FADB3EE1B1C1CF9008195E5 /* Assassin */,
				3FADB4071B1C1CF9008195E5 /* AssassinTests */,
			);
		};
/* End PBXProject section */

/* Begin PBXResourcesBuildPhase section */
		3FADB3ED1B1C1CF9008195E5 /* Resources */ = {
			isa = PBXResourcesBuildPhase;
			buildActionMask = 2147483647;
			files = (
				3FADB3FE1B1C1CF9008195E5 /* Main.storyboard in Resources */,
				3FADB4031B1C1CF9008195E5 /* LaunchScreen.xib in Resources */,
				3F05327C1B1D2299008210D8 /* GameInProgress.storyboard in Resources */,
				3FADB4001B1C1CF9008195E5 /* Images.xcassets in Resources */,
			);
			runOnlyForDeploymentPostprocessing = 0;
		};
		3FADB4061B1C1CF9008195E5 /* Resources */ = {
			isa = PBXResourcesBuildPhase;
			buildActionMask = 2147483647;
			files = (
			);
			runOnlyForDeploymentPostprocessing = 0;
		};
/* End PBXResourcesBuildPhase section */

/* Begin PBXSourcesBuildPhase section */
		3FADB3EB1B1C1CF9008195E5 /* Sources */ = {
			isa = PBXSourcesBuildPhase;
			buildActionMask = 2147483647;
			files = (
				3F05327F1B1D2571008210D8 /* StoryboardSegue.m in Sources */,
				3FADB4391B1C1EF4008195E5 /* Game.m in Sources */,
				3F9AA2441B1E5201009F792E /* JoinGameInfoViewController.m in Sources */,
				3FADB3F81B1C1CF9008195E5 /* AppDelegate.m in Sources */,
				3FADB4381B1C1EF4008195E5 /* TestViewController.m in Sources */,
				C8D4B3B71B20FD9200944BB7 /* SwitchGameTableViewController.m in Sources */,
				C86339D51B1E40CE00C5CB4C /* PlayerCollectionViewCell.m in Sources */,
				C8D4B3B41B20D0D600944BB7 /* UserViewController.m in Sources */,
				3FF0D5831B1D01F900E92D9E /* StartScreenVIewController.m in Sources */,
				C8E49BC91B1FC3BD002B5B10 /* LoginViewController.m in Sources */,
				3F9AA2471B1E8585009F792E /* GameStateDetailViewController.m in Sources */,
				3FADB43A1B1C1EF4008195E5 /* Player.m in Sources */,
				3F92F0331B1D660B005CD2F2 /* NewGameViewController.m in Sources */,
				3F0532821B1D2A33008210D8 /* GamestateViewController.m in Sources */,
				3F9AA2411B1E3DA3009F792E /* JoinGameViewController.m in Sources */,
				3FADB3F51B1C1CF9008195E5 /* main.m in Sources */,
				3F92F0361B1D7774005CD2F2 /* HopperViewController.m in Sources */,
				3F0532851B1D2B1D008210D8 /* TargetViewController.m in Sources */,
			);
			runOnlyForDeploymentPostprocessing = 0;
		};
		3FADB4041B1C1CF9008195E5 /* Sources */ = {
			isa = PBXSourcesBuildPhase;
			buildActionMask = 2147483647;
			files = (
				3FADB40F1B1C1CF9008195E5 /* AssassinTests.m in Sources */,
			);
			runOnlyForDeploymentPostprocessing = 0;
		};
/* End PBXSourcesBuildPhase section */

/* Begin PBXTargetDependency section */
		3FADB40A1B1C1CF9008195E5 /* PBXTargetDependency */ = {
			isa = PBXTargetDependency;
			target = 3FADB3EE1B1C1CF9008195E5 /* Assassin */;
			targetProxy = 3FADB4091B1C1CF9008195E5 /* PBXContainerItemProxy */;
		};
/* End PBXTargetDependency section */

/* Begin PBXVariantGroup section */
		3FADB3FC1B1C1CF9008195E5 /* Main.storyboard */ = {
			isa = PBXVariantGroup;
			children = (
				3FADB3FD1B1C1CF9008195E5 /* Base */,
			);
			name = Main.storyboard;
			sourceTree = "<group>";
		};
		3FADB4011B1C1CF9008195E5 /* LaunchScreen.xib */ = {
			isa = PBXVariantGroup;
			children = (
				3FADB4021B1C1CF9008195E5 /* Base */,
			);
			name = LaunchScreen.xib;
			sourceTree = "<group>";
		};
/* End PBXVariantGroup section */

/* Begin XCBuildConfiguration section */
		3FADB4101B1C1CF9008195E5 /* Debug */ = {
			isa = XCBuildConfiguration;
			buildSettings = {
				ALWAYS_SEARCH_USER_PATHS = NO;
				CLANG_CXX_LANGUAGE_STANDARD = "gnu++0x";
				CLANG_CXX_LIBRARY = "libc++";
				CLANG_ENABLE_MODULES = YES;
				CLANG_ENABLE_OBJC_ARC = YES;
				CLANG_WARN_BOOL_CONVERSION = YES;
				CLANG_WARN_CONSTANT_CONVERSION = YES;
				CLANG_WARN_DIRECT_OBJC_ISA_USAGE = YES_ERROR;
				CLANG_WARN_EMPTY_BODY = YES;
				CLANG_WARN_ENUM_CONVERSION = YES;
				CLANG_WARN_INT_CONVERSION = YES;
				CLANG_WARN_OBJC_ROOT_CLASS = YES_ERROR;
				CLANG_WARN_UNREACHABLE_CODE = YES;
				CLANG_WARN__DUPLICATE_METHOD_MATCH = YES;
				"CODE_SIGN_IDENTITY[sdk=iphoneos*]" = "iPhone Developer";
				COPY_PHASE_STRIP = NO;
				DEBUG_INFORMATION_FORMAT = "dwarf-with-dsym";
				ENABLE_STRICT_OBJC_MSGSEND = YES;
				GCC_C_LANGUAGE_STANDARD = gnu99;
				GCC_DYNAMIC_NO_PIC = NO;
				GCC_NO_COMMON_BLOCKS = YES;
				GCC_OPTIMIZATION_LEVEL = 0;
				GCC_PREPROCESSOR_DEFINITIONS = (
					"DEBUG=1",
					"$(inherited)",
				);
				GCC_SYMBOLS_PRIVATE_EXTERN = NO;
				GCC_WARN_64_TO_32_BIT_CONVERSION = YES;
				GCC_WARN_ABOUT_RETURN_TYPE = YES_ERROR;
				GCC_WARN_UNDECLARED_SELECTOR = YES;
				GCC_WARN_UNINITIALIZED_AUTOS = YES_AGGRESSIVE;
				GCC_WARN_UNUSED_FUNCTION = YES;
				GCC_WARN_UNUSED_VARIABLE = YES;
				IPHONEOS_DEPLOYMENT_TARGET = 8.3;
				MTL_ENABLE_DEBUG_INFO = YES;
				ONLY_ACTIVE_ARCH = YES;
				SDKROOT = iphoneos;
			};
			name = Debug;
		};
		3FADB4111B1C1CF9008195E5 /* Release */ = {
			isa = XCBuildConfiguration;
			buildSettings = {
				ALWAYS_SEARCH_USER_PATHS = NO;
				CLANG_CXX_LANGUAGE_STANDARD = "gnu++0x";
				CLANG_CXX_LIBRARY = "libc++";
				CLANG_ENABLE_MODULES = YES;
				CLANG_ENABLE_OBJC_ARC = YES;
				CLANG_WARN_BOOL_CONVERSION = YES;
				CLANG_WARN_CONSTANT_CONVERSION = YES;
				CLANG_WARN_DIRECT_OBJC_ISA_USAGE = YES_ERROR;
				CLANG_WARN_EMPTY_BODY = YES;
				CLANG_WARN_ENUM_CONVERSION = YES;
				CLANG_WARN_INT_CONVERSION = YES;
				CLANG_WARN_OBJC_ROOT_CLASS = YES_ERROR;
				CLANG_WARN_UNREACHABLE_CODE = YES;
				CLANG_WARN__DUPLICATE_METHOD_MATCH = YES;
				"CODE_SIGN_IDENTITY[sdk=iphoneos*]" = "iPhone Developer";
				COPY_PHASE_STRIP = NO;
				DEBUG_INFORMATION_FORMAT = "dwarf-with-dsym";
				ENABLE_NS_ASSERTIONS = NO;
				ENABLE_STRICT_OBJC_MSGSEND = YES;
				GCC_C_LANGUAGE_STANDARD = gnu99;
				GCC_NO_COMMON_BLOCKS = YES;
				GCC_WARN_64_TO_32_BIT_CONVERSION = YES;
				GCC_WARN_ABOUT_RETURN_TYPE = YES_ERROR;
				GCC_WARN_UNDECLARED_SELECTOR = YES;
				GCC_WARN_UNINITIALIZED_AUTOS = YES_AGGRESSIVE;
				GCC_WARN_UNUSED_FUNCTION = YES;
				GCC_WARN_UNUSED_VARIABLE = YES;
				IPHONEOS_DEPLOYMENT_TARGET = 8.3;
				MTL_ENABLE_DEBUG_INFO = NO;
				SDKROOT = iphoneos;
				VALIDATE_PRODUCT = YES;
			};
			name = Release;
		};
		3FADB4131B1C1CF9008195E5 /* Debug */ = {
			isa = XCBuildConfiguration;
			buildSettings = {
				ASSETCATALOG_COMPILER_APPICON_NAME = AppIcon;
				FRAMEWORK_SEARCH_PATHS = (
					"$(inherited)",
					"$(PROJECT_DIR)",
				);
				INFOPLIST_FILE = Assassin/Info.plist;
				LD_RUNPATH_SEARCH_PATHS = "$(inherited) @executable_path/Frameworks";
				PRODUCT_NAME = "$(TARGET_NAME)";
			};
			name = Debug;
		};
		3FADB4141B1C1CF9008195E5 /* Release */ = {
			isa = XCBuildConfiguration;
			buildSettings = {
				ASSETCATALOG_COMPILER_APPICON_NAME = AppIcon;
				FRAMEWORK_SEARCH_PATHS = (
					"$(inherited)",
					"$(PROJECT_DIR)",
				);
				INFOPLIST_FILE = Assassin/Info.plist;
				LD_RUNPATH_SEARCH_PATHS = "$(inherited) @executable_path/Frameworks";
				PRODUCT_NAME = "$(TARGET_NAME)";
			};
			name = Release;
		};
		3FADB4161B1C1CF9008195E5 /* Debug */ = {
			isa = XCBuildConfiguration;
			buildSettings = {
				BUNDLE_LOADER = "$(TEST_HOST)";
				FRAMEWORK_SEARCH_PATHS = (
					"$(SDKROOT)/Developer/Library/Frameworks",
					"$(inherited)",
				);
				GCC_PREPROCESSOR_DEFINITIONS = (
					"DEBUG=1",
					"$(inherited)",
				);
				INFOPLIST_FILE = AssassinTests/Info.plist;
				LD_RUNPATH_SEARCH_PATHS = "$(inherited) @executable_path/Frameworks @loader_path/Frameworks";
				PRODUCT_NAME = "$(TARGET_NAME)";
				TEST_HOST = "$(BUILT_PRODUCTS_DIR)/Assassin.app/Assassin";
			};
			name = Debug;
		};
		3FADB4171B1C1CF9008195E5 /* Release */ = {
			isa = XCBuildConfiguration;
			buildSettings = {
				BUNDLE_LOADER = "$(TEST_HOST)";
				FRAMEWORK_SEARCH_PATHS = (
					"$(SDKROOT)/Developer/Library/Frameworks",
					"$(inherited)",
				);
				INFOPLIST_FILE = AssassinTests/Info.plist;
				LD_RUNPATH_SEARCH_PATHS = "$(inherited) @executable_path/Frameworks @loader_path/Frameworks";
				PRODUCT_NAME = "$(TARGET_NAME)";
				TEST_HOST = "$(BUILT_PRODUCTS_DIR)/Assassin.app/Assassin";
			};
			name = Release;
		};
/* End XCBuildConfiguration section */

/* Begin XCConfigurationList section */
		3FADB3EA1B1C1CF9008195E5 /* Build configuration list for PBXProject "Assassin" */ = {
			isa = XCConfigurationList;
			buildConfigurations = (
				3FADB4101B1C1CF9008195E5 /* Debug */,
				3FADB4111B1C1CF9008195E5 /* Release */,
			);
			defaultConfigurationIsVisible = 0;
			defaultConfigurationName = Release;
		};
		3FADB4121B1C1CF9008195E5 /* Build configuration list for PBXNativeTarget "Assassin" */ = {
			isa = XCConfigurationList;
			buildConfigurations = (
				3FADB4131B1C1CF9008195E5 /* Debug */,
				3FADB4141B1C1CF9008195E5 /* Release */,
			);
			defaultConfigurationIsVisible = 0;
			defaultConfigurationName = Release;
		};
		3FADB4151B1C1CF9008195E5 /* Build configuration list for PBXNativeTarget "AssassinTests" */ = {
			isa = XCConfigurationList;
			buildConfigurations = (
				3FADB4161B1C1CF9008195E5 /* Debug */,
				3FADB4171B1C1CF9008195E5 /* Release */,
			);
			defaultConfigurationIsVisible = 0;
			defaultConfigurationName = Release;
		};
/* End XCConfigurationList section */
	};
	rootObject = 3FADB3E71B1C1CF9008195E5 /* Project object */;
}
